
Microsoft Visual Studio Solution File, Format Version 12.00
# Visual Studio Version 17
VisualStudioVersion = 17.9.34723.18
MinimumVisualStudioVersion = 10.0.40219.1
Project("{8BC9CEB8-8B4A-11D0-8D11-00A0C91BC942}") = "課題1", "C++実習課題\C++実習課題.vcxproj", "{7D6FBCE0-8880-4894-9FD6-5F6F6E123DB3}"
EndProject
Project("{8BC9CEB8-8B4A-11D0-8D11-00A0C91BC942}") = "課題2", "課題2\課題2.vcxproj", "{97CB552F-A3AF-4438-86FE-7650B02BA96B}"
EndProject
Project("{8BC9CEB8-8B4A-11D0-8D11-00A0C91BC942}") = "課題3", "課題3\課題3.vcxproj", "{CBE0EF53-B094-4694-8040-90ADA83282E6}"
EndProject
Project("{8BC9CEB8-8B4A-11D0-8D11-00A0C91BC942}") = "課題4", "課題4\課題4.vcxproj", "{1041CD47-6811-4CA4-BFDA-D7788ABE1581}"
EndProject
Project("{8BC9CEB8-8B4A-11D0-8D11-00A0C91BC942}") = "課題5", "課題5\課題5.vcxproj", "{751A0D3F-F717-4F62-96C1-60C85339002A}"
EndProject
Project("{8BC9CEB8-8B4A-11D0-8D11-00A0C91BC942}") = "課題6", "課題6\課題6.vcxproj", "{C8CD7A5B-D098-486D-9ECC-734D0F96B0E5}"
EndProject
Project("{8BC9CEB8-8B4A-11D0-8D11-00A0C91BC942}") = "課題9", "課題7\課題7.vcxproj", "{BD4182CF-DC99-4366-B159-4F9FDB20E0B0}"
EndProject
Project("{8BC9CEB8-8B4A-11D0-8D11-00A0C91BC942}") = "課題10", "課題10\課題10.vcxproj", "{033826D2-86C0-4B27-9D08-5A4EA88127DC}"
EndProject
Project("{8BC9CEB8-8B4A-11D0-8D11-00A0C91BC942}") = "課題12", "課題12\課題12.vcxproj", "{5E7D5373-0A56-4B75-A1A0-F2394835E801}"
EndProject
Project("{8BC9CEB8-8B4A-11D0-8D11-00A0C91BC942}") = "課題15", "課題15\課題15.vcxproj", "{9A5A8CFF-3205-485E-86FF-D11DE705B005}"
EndProject
Project("{8BC9CEB8-8B4A-11D0-8D11-00A0C91BC942}") = "課題16", "課題16\課題16.vcxproj", "{94AEA546-4DFE-4112-9940-E9E1E8A6C82F}"
EndProject
Global
	GlobalSection(SolutionConfigurationPlatforms) = preSolution
		Debug|Any CPU = Debug|Any CPU
		Debug|x64 = Debug|x64
		Debug|x86 = Debug|x86
		Release|Any CPU = Release|Any CPU
		Release|x64 = Release|x64
		Release|x86 = Release|x86
	EndGlobalSection
	GlobalSection(ProjectConfigurationPlatforms) = postSolution
		{7D6FBCE0-8880-4894-9FD6-5F6F6E123DB3}.Debug|Any CPU.ActiveCfg = Debug|x64
		{7D6FBCE0-8880-4894-9FD6-5F6F6E123DB3}.Debug|Any CPU.Build.0 = Debug|x64
		{7D6FBCE0-8880-4894-9FD6-5F6F6E123DB3}.Debug|x64.ActiveCfg = Debug|x64
		{7D6FBCE0-8880-4894-9FD6-5F6F6E123DB3}.Debug|x64.Build.0 = Debug|x64
		{7D6FBCE0-8880-4894-9FD6-5F6F6E123DB3}.Debug|x86.ActiveCfg = Debug|Win32
		{7D6FBCE0-8880-4894-9FD6-5F6F6E123DB3}.Debug|x86.Build.0 = Debug|Win32
		{7D6FBCE0-8880-4894-9FD6-5F6F6E123DB3}.Release|Any CPU.ActiveCfg = Release|x64
		{7D6FBCE0-8880-4894-9FD6-5F6F6E123DB3}.Release|Any CPU.Build.0 = Release|x64
		{7D6FBCE0-8880-4894-9FD6-5F6F6E123DB3}.Release|x64.ActiveCfg = Release|x64
		{7D6FBCE0-8880-4894-9FD6-5F6F6E123DB3}.Release|x64.Build.0 = Release|x64
		{7D6FBCE0-8880-4894-9FD6-5F6F6E123DB3}.Release|x86.ActiveCfg = Release|Win32
		{7D6FBCE0-8880-4894-9FD6-5F6F6E123DB3}.Release|x86.Build.0 = Release|Win32
		{97CB552F-A3AF-4438-86FE-7650B02BA96B}.Debug|Any CPU.ActiveCfg = Debug|x64
		{97CB552F-A3AF-4438-86FE-7650B02BA96B}.Debug|Any CPU.Build.0 = Debug|x64
		{97CB552F-A3AF-4438-86FE-7650B02BA96B}.Debug|x64.ActiveCfg = Debug|x64
		{97CB552F-A3AF-4438-86FE-7650B02BA96B}.Debug|x64.Build.0 = Debug|x64
		{97CB552F-A3AF-4438-86FE-7650B02BA96B}.Debug|x86.ActiveCfg = Debug|Win32
		{97CB552F-A3AF-4438-86FE-7650B02BA96B}.Debug|x86.Build.0 = Debug|Win32
		{97CB552F-A3AF-4438-86FE-7650B02BA96B}.Release|Any CPU.ActiveCfg = Release|x64
		{97CB552F-A3AF-4438-86FE-7650B02BA96B}.Release|Any CPU.Build.0 = Release|x64
		{97CB552F-A3AF-4438-86FE-7650B02BA96B}.Release|x64.ActiveCfg = Release|x64
		{97CB552F-A3AF-4438-86FE-7650B02BA96B}.Release|x64.Build.0 = Release|x64
		{97CB552F-A3AF-4438-86FE-7650B02BA96B}.Release|x86.ActiveCfg = Release|Win32
		{97CB552F-A3AF-4438-86FE-7650B02BA96B}.Release|x86.Build.0 = Release|Win32
		{CBE0EF53-B094-4694-8040-90ADA83282E6}.Debug|Any CPU.ActiveCfg = Debug|x64
		{CBE0EF53-B094-4694-8040-90ADA83282E6}.Debug|Any CPU.Build.0 = Debug|x64
		{CBE0EF53-B094-4694-8040-90ADA83282E6}.Debug|x64.ActiveCfg = Debug|x64
		{CBE0EF53-B094-4694-8040-90ADA83282E6}.Debug|x64.Build.0 = Debug|x64
		{CBE0EF53-B094-4694-8040-90ADA83282E6}.Debug|x86.ActiveCfg = Debug|Win32
		{CBE0EF53-B094-4694-8040-90ADA83282E6}.Debug|x86.Build.0 = Debug|Win32
		{CBE0EF53-B094-4694-8040-90ADA83282E6}.Release|Any CPU.ActiveCfg = Release|x64
		{CBE0EF53-B094-4694-8040-90ADA83282E6}.Release|Any CPU.Build.0 = Release|x64
		{CBE0EF53-B094-4694-8040-90ADA83282E6}.Release|x64.ActiveCfg = Release|x64
		{CBE0EF53-B094-4694-8040-90ADA83282E6}.Release|x64.Build.0 = Release|x64
		{CBE0EF53-B094-4694-8040-90ADA83282E6}.Release|x86.ActiveCfg = Release|Win32
		{CBE0EF53-B094-4694-8040-90ADA83282E6}.Release|x86.Build.0 = Release|Win32
		{1041CD47-6811-4CA4-BFDA-D7788ABE1581}.Debug|Any CPU.ActiveCfg = Debug|x64
		{1041CD47-6811-4CA4-BFDA-D7788ABE1581}.Debug|Any CPU.Build.0 = Debug|x64
		{1041CD47-6811-4CA4-BFDA-D7788ABE1581}.Debug|x64.ActiveCfg = Debug|x64
		{1041CD47-6811-4CA4-BFDA-D7788ABE1581}.Debug|x64.Build.0 = Debug|x64
		{1041CD47-6811-4CA4-BFDA-D7788ABE1581}.Debug|x86.ActiveCfg = Debug|Win32
		{1041CD47-6811-4CA4-BFDA-D7788ABE1581}.Debug|x86.Build.0 = Debug|Win32
		{1041CD47-6811-4CA4-BFDA-D7788ABE1581}.Release|Any CPU.ActiveCfg = Release|x64
		{1041CD47-6811-4CA4-BFDA-D7788ABE1581}.Release|Any CPU.Build.0 = Release|x64
		{1041CD47-6811-4CA4-BFDA-D7788ABE1581}.Release|x64.ActiveCfg = Release|x64
		{1041CD47-6811-4CA4-BFDA-D7788ABE1581}.Release|x64.Build.0 = Release|x64
		{1041CD47-6811-4CA4-BFDA-D7788ABE1581}.Release|x86.ActiveCfg = Release|Win32
		{1041CD47-6811-4CA4-BFDA-D7788ABE1581}.Release|x86.Build.0 = Release|Win32
		{751A0D3F-F717-4F62-96C1-60C85339002A}.Debug|Any CPU.ActiveCfg = Debug|x64
		{751A0D3F-F717-4F62-96C1-60C85339002A}.Debug|Any CPU.Build.0 = Debug|x64
		{751A0D3F-F717-4F62-96C1-60C85339002A}.Debug|x64.ActiveCfg = Debug|x64
		{751A0D3F-F717-4F62-96C1-60C85339002A}.Debug|x64.Build.0 = Debug|x64
		{751A0D3F-F717-4F62-96C1-60C85339002A}.Debug|x86.ActiveCfg = Debug|Win32
		{751A0D3F-F717-4F62-96C1-60C85339002A}.Debug|x86.Build.0 = Debug|Win32
		{751A0D3F-F717-4F62-96C1-60C85339002A}.Release|Any CPU.ActiveCfg = Release|x64
		{751A0D3F-F717-4F62-96C1-60C85339002A}.Release|Any CPU.Build.0 = Release|x64
		{751A0D3F-F717-4F62-96C1-60C85339002A}.Release|x64.ActiveCfg = Release|x64
		{751A0D3F-F717-4F62-96C1-60C85339002A}.Release|x64.Build.0 = Release|x64
		{751A0D3F-F717-4F62-96C1-60C85339002A}.Release|x86.ActiveCfg = Release|Win32
		{751A0D3F-F717-4F62-96C1-60C85339002A}.Release|x86.Build.0 = Release|Win32
		{C8CD7A5B-D098-486D-9ECC-734D0F96B0E5}.Debug|Any CPU.ActiveCfg = Debug|x64
		{C8CD7A5B-D098-486D-9ECC-734D0F96B0E5}.Debug|Any CPU.Build.0 = Debug|x64
		{C8CD7A5B-D098-486D-9ECC-734D0F96B0E5}.Debug|x64.ActiveCfg = Debug|x64
		{C8CD7A5B-D098-486D-9ECC-734D0F96B0E5}.Debug|x64.Build.0 = Debug|x64
		{C8CD7A5B-D098-486D-9ECC-734D0F96B0E5}.Debug|x86.ActiveCfg = Debug|Win32
		{C8CD7A5B-D098-486D-9ECC-734D0F96B0E5}.Debug|x86.Build.0 = Debug|Win32
		{C8CD7A5B-D098-486D-9ECC-734D0F96B0E5}.Release|Any CPU.ActiveCfg = Release|x64
		{C8CD7A5B-D098-486D-9ECC-734D0F96B0E5}.Release|Any CPU.Build.0 = Release|x64
		{C8CD7A5B-D098-486D-9ECC-734D0F96B0E5}.Release|x64.ActiveCfg = Release|x64
		{C8CD7A5B-D098-486D-9ECC-734D0F96B0E5}.Release|x64.Build.0 = Release|x64
		{C8CD7A5B-D098-486D-9ECC-734D0F96B0E5}.Release|x86.ActiveCfg = Release|Win32
		{C8CD7A5B-D098-486D-9ECC-734D0F96B0E5}.Release|x86.Build.0 = Release|Win32
		{BD4182CF-DC99-4366-B159-4F9FDB20E0B0}.Debug|Any CPU.ActiveCfg = Debug|x64
		{BD4182CF-DC99-4366-B159-4F9FDB20E0B0}.Debug|Any CPU.Build.0 = Debug|x64
		{BD4182CF-DC99-4366-B159-4F9FDB20E0B0}.Debug|x64.ActiveCfg = Debug|x64
		{BD4182CF-DC99-4366-B159-4F9FDB20E0B0}.Debug|x64.Build.0 = Debug|x64
		{BD4182CF-DC99-4366-B159-4F9FDB20E0B0}.Debug|x86.ActiveCfg = Debug|Win32
		{BD4182CF-DC99-4366-B159-4F9FDB20E0B0}.Debug|x86.Build.0 = Debug|Win32
		{BD4182CF-DC99-4366-B159-4F9FDB20E0B0}.Release|Any CPU.ActiveCfg = Release|x64
		{BD4182CF-DC99-4366-B159-4F9FDB20E0B0}.Release|Any CPU.Build.0 = Release|x64
		{BD4182CF-DC99-4366-B159-4F9FDB20E0B0}.Release|x64.ActiveCfg = Release|x64
		{BD4182CF-DC99-4366-B159-4F9FDB20E0B0}.Release|x64.Build.0 = Release|x64
		{BD4182CF-DC99-4366-B159-4F9FDB20E0B0}.Release|x86.ActiveCfg = Release|Win32
		{BD4182CF-DC99-4366-B159-4F9FDB20E0B0}.Release|x86.Build.0 = Release|Win32
		{033826D2-86C0-4B27-9D08-5A4EA88127DC}.Debug|Any CPU.ActiveCfg = Debug|x64
		{033826D2-86C0-4B27-9D08-5A4EA88127DC}.Debug|Any CPU.Build.0 = Debug|x64
		{033826D2-86C0-4B27-9D08-5A4EA88127DC}.Debug|x64.ActiveCfg = Debug|x64
		{033826D2-86C0-4B27-9D08-5A4EA88127DC}.Debug|x64.Build.0 = Debug|x64
		{033826D2-86C0-4B27-9D08-5A4EA88127DC}.Debug|x86.ActiveCfg = Debug|Win32
		{033826D2-86C0-4B27-9D08-5A4EA88127DC}.Debug|x86.Build.0 = Debug|Win32
		{033826D2-86C0-4B27-9D08-5A4EA88127DC}.Release|Any CPU.ActiveCfg = Release|x64
		{033826D2-86C0-4B27-9D08-5A4EA88127DC}.Release|Any CPU.Build.0 = Release|x64
		{033826D2-86C0-4B27-9D08-5A4EA88127DC}.Release|x64.ActiveCfg = Release|x64
		{033826D2-86C0-4B27-9D08-5A4EA88127DC}.Release|x64.Build.0 = Release|x64
		{033826D2-86C0-4B27-9D08-5A4EA88127DC}.Release|x86.ActiveCfg = Release|Win32
		{033826D2-86C0-4B27-9D08-5A4EA88127DC}.Release|x86.Build.0 = Release|Win32
		{5E7D5373-0A56-4B75-A1A0-F2394835E801}.Debug|Any CPU.ActiveCfg = Debug|x64
		{5E7D5373-0A56-4B75-A1A0-F2394835E801}.Debug|Any CPU.Build.0 = Debug|x64
		{5E7D5373-0A56-4B75-A1A0-F2394835E801}.Debug|x64.ActiveCfg = Debug|x64
		{5E7D5373-0A56-4B75-A1A0-F2394835E801}.Debug|x64.Build.0 = Debug|x64
		{5E7D5373-0A56-4B75-A1A0-F2394835E801}.Debug|x86.ActiveCfg = Debug|Win32
		{5E7D5373-0A56-4B75-A1A0-F2394835E801}.Debug|x86.Build.0 = Debug|Win32
		{5E7D5373-0A56-4B75-A1A0-F2394835E801}.Release|Any CPU.ActiveCfg = Release|x64
		{5E7D5373-0A56-4B75-A1A0-F2394835E801}.Release|Any CPU.Build.0 = Release|x64
		{5E7D5373-0A56-4B75-A1A0-F2394835E801}.Release|x64.ActiveCfg = Release|x64
		{5E7D5373-0A56-4B75-A1A0-F2394835E801}.Release|x64.Build.0 = Release|x64
		{5E7D5373-0A56-4B75-A1A0-F2394835E801}.Release|x86.ActiveCfg = Release|Win32
		{5E7D5373-0A56-4B75-A1A0-F2394835E801}.Release|x86.Build.0 = Release|Win32
		{9A5A8CFF-3205-485E-86FF-D11DE705B005}.Debug|Any CPU.ActiveCfg = Debug|x64
		{9A5A8CFF-3205-485E-86FF-D11DE705B005}.Debug|Any CPU.Build.0 = Debug|x64
		{9A5A8CFF-3205-485E-86FF-D11DE705B005}.Debug|x64.ActiveCfg = Debug|x64
		{9A5A8CFF-3205-485E-86FF-D11DE705B005}.Debug|x64.Build.0 = Debug|x64
		{9A5A8CFF-3205-485E-86FF-D11DE705B005}.Debug|x86.ActiveCfg = Debug|Win32
		{9A5A8CFF-3205-485E-86FF-D11DE705B005}.Debug|x86.Build.0 = Debug|Win32
		{9A5A8CFF-3205-485E-86FF-D11DE705B005}.Release|Any CPU.ActiveCfg = Release|x64
		{9A5A8CFF-3205-485E-86FF-D11DE705B005}.Release|Any CPU.Build.0 = Release|x64
		{9A5A8CFF-3205-485E-86FF-D11DE705B005}.Release|x64.ActiveCfg = Release|x64
		{9A5A8CFF-3205-485E-86FF-D11DE705B005}.Release|x64.Build.0 = Release|x64
		{9A5A8CFF-3205-485E-86FF-D11DE705B005}.Release|x86.ActiveCfg = Release|Win32
		{9A5A8CFF-3205-485E-86FF-D11DE705B005}.Release|x86.Build.0 = Release|Win32
		{94AEA546-4DFE-4112-9940-E9E1E8A6C82F}.Debug|Any CPU.ActiveCfg = Debug|x64
		{94AEA546-4DFE-4112-9940-E9E1E8A6C82F}.Debug|Any CPU.Build.0 = Debug|x64
		{94AEA546-4DFE-4112-9940-E9E1E8A6C82F}.Debug|x64.ActiveCfg = Debug|x64
		{94AEA546-4DFE-4112-9940-E9E1E8A6C82F}.Debug|x64.Build.0 = Debug|x64
		{94AEA546-4DFE-4112-9940-E9E1E8A6C82F}.Debug|x86.ActiveCfg = Debug|Win32
		{94AEA546-4DFE-4112-9940-E9E1E8A6C82F}.Debug|x86.Build.0 = Debug|Win32
		{94AEA546-4DFE-4112-9940-E9E1E8A6C82F}.Release|Any CPU.ActiveCfg = Release|x64
		{94AEA546-4DFE-4112-9940-E9E1E8A6C82F}.Release|Any CPU.Build.0 = Release|x64
		{94AEA546-4DFE-4112-9940-E9E1E8A6C82F}.Release|x64.ActiveCfg = Release|x64
		{94AEA546-4DFE-4112-9940-E9E1E8A6C82F}.Release|x64.Build.0 = Release|x64
		{94AEA546-4DFE-4112-9940-E9E1E8A6C82F}.Release|x86.ActiveCfg = Release|Win32
		{94AEA546-4DFE-4112-9940-E9E1E8A6C82F}.Release|x86.Build.0 = Release|Win32
	EndGlobalSection
	GlobalSection(SolutionProperties) = preSolution
		HideSolutionNode = FALSE
	EndGlobalSection
	GlobalSection(ExtensibilityGlobals) = postSolution
		SolutionGuid = {D7DD45B5-D413-4B3B-B8AF-08748078B394}
	EndGlobalSection
EndGlobal
